<?xml version="1.0" encoding="utf-8"?>
<Solution Version="0.1" MinimumVisualStudioVersion="17.0">
  <Folder Name="/src/">
    <Project Path="src/DikuWeb.Domain/DikuWeb.Domain.csproj" />
    <Project Path="src/DikuWeb.Engine/DikuWeb.Engine.csproj" />
    <Project Path="src/DikuWeb.Persistence/DikuWeb.Persistence.csproj" />
    <Project Path="src/DikuWeb.Server/DikuWeb.Server.csproj" />
  </Folder>
  <Folder Name="/tests/">
    <Project Path="tests/DikuWeb.Domain.Tests/DikuWeb.Domain.Tests.csproj" />
    <Project Path="tests/DikuWeb.Engine.Tests/DikuWeb.Engine.Tests.csproj" />
    <Project Path="tests/DikuWeb.Server.Tests/DikuWeb.Server.Tests.csproj" />
  </Folder>
  <Folder Name="/tools/">
    <Project Path="tools/DikuWeb.Playtest/DikuWeb.Playtest.csproj" />
    <Project Path="tools/DikuWeb.Playtest.Tests/DikuWeb.Playtest.Tests.csproj" />
  </Folder>
</Solution>
